# THIS IS AN AUTOGENERATED FILE. DO NOT EDIT THIS FILE DIRECTLY.
# yarn lockfile v1


"@rails/actioncable@>= 6.0":
  version "6.0.5"
  resolved "https://registry.yarnpkg.com/@rails/actioncable/-/actioncable-6.0.5.tgz#a889f25b0c13ea0215d747e32fa3d1a52967f17b"
  integrity sha512-79sIsTpIoHnJ6pRHKaC6h5NMRpY+VZD4mqOKN/035X1ehxHgToDWvgMZ4jV5y1qeObg4enmNESmgeKoImYGzOw==

cable_ready@5.0.0-pre8:
  version "5.0.0-pre8"
  resolved "https://registry.yarnpkg.com/cable_ready/-/cable_ready-5.0.0-pre8.tgz#fa1b4d6f980f631ff3c895f3007a6789b2e47de7"
  integrity sha512-5TyAp0DcYiv15YGlAI4WqEBw8Mz/lARSz/pIwEEVWWUnqWQhbsMqCIYIsQoV3IXudKOowaSbukbPRYFN0PYzKg==
  dependencies:
    morphdom "^2.6.1"

morphdom@^2.6.1:
  version "2.6.1"
  resolved "https://registry.yarnpkg.com/morphdom/-/morphdom-2.6.1.tgz#e868e24f989fa3183004b159aed643e628b4306e"
  integrity sha512-Y8YRbAEP3eKykroIBWrjcfMw7mmwJfjhqdpSvoqinu8Y702nAwikpXcNFDiIkyvfCLxLM9Wu95RZqo4a9jFBaA==

stimulus_reflex@3.5.0-pre8:
  version "3.5.0-pre8"
  resolved "https://registry.yarnpkg.com/stimulus_reflex/-/stimulus_reflex-3.5.0-pre8.tgz#e33c33c639d87b67accbe839b962e054337bb9f6"
  integrity sha512-9nGNTeMf3URG3VsgCVt53E22H4N1DzGoyQ99NxAloxe++hbXUwsR/Lfw29uSQXSHXvzWI+waOhjZxesCIlWxPQ==
  dependencies:
    "@rails/actioncable" ">= 6.0"
    cable_ready "5.0.0-pre8"
